{
    "_readme": [
        "This file locks the dependencies of your project to a known state",
        "Read more about it at http://getcomposer.org/doc/01-basic-usage.md#composer-lock-the-lock-file"
    ],
    "hash": "ada5ffdf8feabeecedcf6df7066d9b0c",
    "packages": [
        {
            "name": "org_heigl/hyphenator",
            "version": "v2.0.2",
            "source": {
                "type": "git",
                "url": "https://github.com/heiglandreas/Org_Heigl_Hyphenator.git",
                "reference": "v2.0.2"
            },
            "dist": {
                "type": "zip",
                "url": "https://github.com/heiglandreas/Org_Heigl_Hyphenator/zipball/v2.0.2",
                "reference": "v2.0.2",
                "shasum": ""
            },
            "require": {
                "php": ">=5.3.0"
            },
            "type": "library",
            "autoload": {
                "psr-0": {
                    "Org\\Heigl\\Hyphenator": "src"
                }
            },
            "notification-url": "https://packagist.org/downloads/",
            "license": [
                "MIT"
            ],
            "authors": [
                {
                    "name": "Andreas Heigl",
                    "email": "andreas@heigl.org",
                    "homepage": "http://andreas.heigl.org",
                    "role": "Developer"
                }
            ],
            "description": "Word-Hyphenation for PHP",
            "homepage": "http://github.com/heiglandreas/Org_Heigl_Hyphenator",
            "keywords": [
                "hyphenate",
                "hyphenation"
            ],
            "time": "2012-06-14 11:50:45"
        }
    ],
    "packages-dev": [

    ],
    "aliases": [

    ],
    "minimum-stability": "stable",
    "stability-flags": [

    ],
    "platform": {
        "php": ">=5.3.0",
        "ext-mbstring": "*"
    },
    "platform-dev": [

    ]
}
