{
    "hash": "1983621e47028d2be870afa00f2747b2",
    "packages": [
        {
            "name": "symfony/dom-crawler",
            "version": "dev-master",
            "target-dir": "Symfony/Component/DomCrawler",
            "source": {
                "type": "git",
                "url": "https://github.com/symfony/DomCrawler",
                "reference": "b186c987f56375ebb1be9a7dd6686352db1ce096"
            },
            "dist": {
                "type": "zip",
                "url": "https://github.com/symfony/DomCrawler/archive/b186c987f56375ebb1be9a7dd6686352db1ce096.zip",
                "reference": "b186c987f56375ebb1be9a7dd6686352db1ce096",
                "shasum": ""
            },
            "require": {
                "php": ">=5.3.3"
            },
            "require-dev": {
                "symfony/css-selector": "2.2.*"
            },
            "suggest": {
                "symfony/css-selector": "2.2.*"
            },
            "time": "2012-11-29 10:32:45",
            "type": "library",
            "extra": {
                "branch-alias": {
                    "dev-master": "2.2-dev"
                }
            },
            "installation-source": "source",
            "autoload": {
                "psr-0": {
                    "Symfony\\Component\\DomCrawler\\": ""
                }
            },
            "notification-url": "https://packagist.org/downloads/",
            "license": [
                "MIT"
            ],
            "authors": [
                {
                    "name": "Fabien Potencier",
                    "email": "fabien@symfony.com"
                },
                {
                    "name": "Symfony Community",
                    "homepage": "http://symfony.com/contributors"
                }
            ],
            "description": "Symfony DomCrawler Component",
            "homepage": "http://symfony.com"
        }
    ],
    "packages-dev": null,
    "aliases": [

    ],
    "minimum-stability": "stable",
    "stability-flags": {
        "symfony/dom-crawler": 20
    }
}
