{
    "_readme": [
        "This file locks the dependencies of your project to a known state",
        "Read more about it at https://getcomposer.org/doc/01-basic-usage.md#installing-dependencies",
        "This file is @generated automatically"
    ],
    "content-hash": "ad472d050332e71b0836150ce6eea275",
    "packages": [
        {
            "name": "jolicode/jolitypo",
            "version": "dev-main",
            "source": {
                "type": "git",
                "url": "https://github.com/jolicode/JoliTypo.git",
                "reference": "19a2e72d1fd37e9052ec0aa62dd9c61b78cc54e7"
            },
            "dist": {
                "type": "zip",
                "url": "https://api.github.com/repos/jolicode/JoliTypo/zipball/19a2e72d1fd37e9052ec0aa62dd9c61b78cc54e7",
                "reference": "19a2e72d1fd37e9052ec0aa62dd9c61b78cc54e7",
                "shasum": ""
            },
            "require": {
                "ext-mbstring": "*",
                "lib-libxml": "*",
                "org_heigl/hyphenator": "^3.2",
                "php": ">=8.3",
                "symfony/polyfill-intl-normalizer": "^1.32"
            },
            "conflict": {
                "ext-apc": "3.1.11"
            },
            "require-dev": {
                "friendsofphp/php-cs-fixer": "^v3.92.0",
                "symfony/framework-bundle": "^6.4 || ^7.3 || ^8.0",
                "symfony/phpunit-bridge": "^7.3 || ^8.0",
                "symfony/twig-bundle": "^6.4 || ^7.3 || ^8.0",
                "symfony/yaml": "^6.4 || ^7.3 || ^8.0"
            },
            "default-branch": true,
            "type": "library",
            "autoload": {
                "psr-4": {
                    "JoliTypo\\": "src/JoliTypo"
                }
            },
            "notification-url": "https://packagist.org/downloads/",
            "license": [
                "MIT"
            ],
            "authors": [
                {
                    "name": "Damien Alexandre",
                    "email": "dalexandre@jolicode.com",
                    "homepage": "https://damienalexandre.fr/"
                }
            ],
            "description": "Microtypography fixer for the web.",
            "homepage": "https://github.com/jolicode/JoliTypo",
            "keywords": [
                "ellipsis",
                "fixer",
                "quote",
                "smartquote",
                "typography"
            ],
            "support": {
                "issues": "https://github.com/jolicode/JoliTypo/issues",
                "source": "https://github.com/jolicode/JoliTypo/tree/main"
            },
            "time": "2026-09-23T19:53:51+00:00"
        },
        {
            "name": "org_heigl/hyphenator",
            "version": "v3.2.0",
            "source": {
                "type": "git",
                "url": "https://github.com/heiglandreas/Org_Heigl_Hyphenator.git",
                "reference": "87ad38d81845c1ba5028e4efe9682d55747d9104"
            },
            "dist": {
                "type": "zip",
                "url": "https://api.github.com/repos/heiglandreas/Org_Heigl_Hyphenator/zipball/87ad38d81845c1ba5028e4efe9682d55747d9104",
                "reference": "87ad38d81845c1ba5028e4efe9682d55747d9104",
                "shasum": ""
            },
            "require": {
                "ext-mbstring": "*",
                "php": "^7.2||^8.0"
            },
            "require-dev": {
                "phpstan/phpstan": "^1.0||^2.0",
                "phpunit/phpunit": "^8.0||^9.0 ||^10.0 || ^11.0 || ^12.0 || ^13.0 "
            },
            "type": "library",
            "autoload": {
                "psr-4": {
                    "Org\\Heigl\\Hyphenator\\": "src"
                }
            },
            "notification-url": "https://packagist.org/downloads/",
            "license": [
                "MIT"
            ],
            "authors": [
                {
                    "name": "Andreas Heigl",
                    "email": "andreas@heigl.org",
                    "homepage": "http://andreas.heigl.org",
                    "role": "Developer"
                }
            ],
            "description": "Word-Hyphenation for PHP based on the TeX-Hyphenation algorithm",
            "homepage": "http://github.com/heiglandreas/Org_Heigl_Hyphenator",
            "keywords": [
                "hyphenate",
                "hyphenation"
            ],
            "support": {
                "issues": "https://github.com/heiglandreas/Org_Heigl_Hyphenator/issues",
                "source": "https://github.com/heiglandreas/Org_Heigl_Hyphenator/tree/v3.2.0"
            },
            "time": "2026-09-09T06:41:34+00:00"
        },
        {
            "name": "soyuka/php-wasm",
            "version": "dev-main",
            "source": {
                "type": "git",
                "url": "https://github.com/soyuka/php-wasm.git",
                "reference": "main"
            },
            "type": "library"
        },
        {
            "name": "symfony/polyfill-intl-normalizer",
            "version": "v1.42.0",
            "source": {
                "type": "git",
                "url": "https://github.com/symfony/polyfill-intl-normalizer.git",
                "reference": "aa20edea75bd9c48cfecc8360922e5a6e5c44502"
            },
            "dist": {
                "type": "zip",
                "url": "https://api.github.com/repos/symfony/polyfill-intl-normalizer/zipball/aa20edea75bd9c48cfecc8360922e5a6e5c44502",
                "reference": "aa20edea75bd9c48cfecc8360922e5a6e5c44502",
                "shasum": ""
            },
            "require": {
                "php": ">=7.2"
            },
            "suggest": {
                "ext-intl": "For best performance"
            },
            "type": "library",
            "extra": {
                "thanks": {
                    "url": "https://github.com/symfony/polyfill",
                    "name": "symfony/polyfill"
                }
            },
            "autoload": {
                "files": [
                    "bootstrap.php"
                ],
                "psr-4": {
                    "Symfony\\Polyfill\\Intl\\Normalizer\\": ""
                },
                "classmap": [
                    "Resources/stubs"
                ]
            },
            "notification-url": "https://packagist.org/downloads/",
            "license": [
                "MIT"
            ],
            "authors": [
                {
                    "name": "Nicolas Grekas",
                    "email": "p@tchwork.com"
                },
                {
                    "name": "Symfony Community",
                    "homepage": "https://symfony.com/contributors"
                }
            ],
            "description": "Symfony polyfill for intl's Normalizer class and related functions",
            "homepage": "https://symfony.com",
            "keywords": [
                "compatibility",
                "intl",
                "normalizer",
                "polyfill",
                "portable",
                "shim"
            ],
            "support": {
                "source": "https://github.com/symfony/polyfill-intl-normalizer/tree/v1.42.0"
            },
            "funding": [
                {
                    "url": "https://symfony.com/sponsor",
                    "type": "custom"
                },
                {
                    "url": "https://github.com/fabpot",
                    "type": "github"
                },
                {
                    "url": "https://github.com/nicolas-grekas",
                    "type": "github"
                },
                {
                    "url": "https://tidelift.com/funding/github/packagist/symfony/symfony",
                    "type": "tidelift"
                }
            ],
            "time": "2026-08-07T06:33:24+00:00"
        }
    ],
    "packages-dev": [],
    "aliases": [],
    "minimum-stability": "stable",
    "stability-flags": {
        "jolicode/jolitypo": 20,
        "soyuka/php-wasm": 20
    },
    "prefer-stable": false,
    "prefer-lowest": false,
    "platform": {},
    "platform-dev": {},
    "plugin-api-version": "2.9.0"
}
