{
    "_readme": [
        "This file locks the dependencies of your project to a known state",
        "Read more about it at https://getcomposer.org/doc/01-basic-usage.md#installing-dependencies",
        "This file is @generated automatically"
    ],
    "content-hash": "ad472d050332e71b0836150ce6eea275",
    "packages": [
        {
            "name": "jolicode/jolitypo",
            "version": "dev-main",
            "source": {
                "type": "git",
                "url": "https://github.com/jolicode/JoliTypo.git",
                "reference": "39ae0e3742371f33abce9601967b4f45818cbae0"
            },
            "dist": {
                "type": "zip",
                "url": "https://api.github.com/repos/jolicode/JoliTypo/zipball/39ae0e3742371f33abce9601967b4f45818cbae0",
                "reference": "39ae0e3742371f33abce9601967b4f45818cbae0",
                "shasum": ""
            },
            "require": {
                "ext-mbstring": "*",
                "lib-libxml": "*",
                "org_heigl/hyphenator": "^2.6 || ^3.0",
                "php": ">=8.1"
            },
            "conflict": {
                "ext-apc": "3.1.11"
            },
            "require-dev": {
                "friendsofphp/php-cs-fixer": "^3.49.0",
                "symfony/framework-bundle": "^5.4 || ^6.4 || 7.0",
                "symfony/phpunit-bridge": "^6.4.3",
                "symfony/twig-bundle": "^5.4 || ^6.4 || 7.0",
                "symfony/yaml": "^5.4 || ^6.4 || 7.0"
            },
            "default-branch": true,
            "type": "library",
            "autoload": {
                "psr-4": {
                    "JoliTypo\\": "src/JoliTypo"
                }
            },
            "notification-url": "https://packagist.org/downloads/",
            "license": [
                "MIT"
            ],
            "authors": [
                {
                    "name": "Damien Alexandre",
                    "email": "dalexandre@jolicode.com",
                    "homepage": "https://damienalexandre.fr/"
                }
            ],
            "description": "Microtypography fixer for the web.",
            "homepage": "https://github.com/jolicode/JoliTypo",
            "keywords": [
                "ellipsis",
                "fixer",
                "quote",
                "smartquote",
                "typography"
            ],
            "support": {
                "issues": "https://github.com/jolicode/JoliTypo/issues",
                "source": "https://github.com/jolicode/JoliTypo/tree/main"
            },
            "time": "2024-03-18T09:34:00+00:00"
        },
        {
            "name": "org_heigl/hyphenator",
            "version": "v3.1.0",
            "source": {
                "type": "git",
                "url": "https://github.com/heiglandreas/Org_Heigl_Hyphenator.git",
                "reference": "a9b8d2524cbed19d507ef8bc780b8122689c02bc"
            },
            "dist": {
                "type": "zip",
                "url": "https://api.github.com/repos/heiglandreas/Org_Heigl_Hyphenator/zipball/a9b8d2524cbed19d507ef8bc780b8122689c02bc",
                "reference": "a9b8d2524cbed19d507ef8bc780b8122689c02bc",
                "shasum": ""
            },
            "require": {
                "ext-mbstring": "*",
                "php": "^7.2||^8.0"
            },
            "require-dev": {
                "mockery/mockery": "^1.2",
                "phpunit/phpunit": "^8.0||^9.0"
            },
            "type": "library",
            "autoload": {
                "psr-4": {
                    "Org\\Heigl\\Hyphenator\\": "src"
                }
            },
            "notification-url": "https://packagist.org/downloads/",
            "license": [
                "MIT"
            ],
            "authors": [
                {
                    "name": "Andreas Heigl",
                    "email": "andreas@heigl.org",
                    "homepage": "http://andreas.heigl.org",
                    "role": "Developer"
                }
            ],
            "description": "Word-Hyphenation for PHP based on the TeX-Hyphenation algorithm",
            "homepage": "http://github.com/heiglandreas/Org_Heigl_Hyphenator",
            "keywords": [
                "hyphenate",
                "hyphenation"
            ],
            "support": {
                "issues": "https://github.com/heiglandreas/Org_Heigl_Hyphenator/issues",
                "source": "https://github.com/heiglandreas/Org_Heigl_Hyphenator/tree/v3.1.0"
            },
            "time": "2024-02-12T14:32:13+00:00"
        },
        {
            "name": "soyuka/php-wasm",
            "version": "dev-main",
            "source": {
                "type": "git",
                "url": "https://github.com/soyuka/php-wasm.git",
                "reference": "main"
            },
            "type": "library"
        }
    ],
    "packages-dev": [],
    "aliases": [],
    "minimum-stability": "stable",
    "stability-flags": {
        "jolicode/jolitypo": 20,
        "soyuka/php-wasm": 20
    },
    "prefer-stable": false,
    "prefer-lowest": false,
    "platform": {},
    "platform-dev": {},
    "plugin-api-version": "2.6.0"
}
